
Microsoft Visual Studio Solution File, Format Version 12.00
# Visual Studio 15
VisualStudioVersion = 15.0.28010.2041
MinimumVisualStudioVersion = 10.0.40219.1
Project("{FAE04EC0-301F-11D3-BF4B-00C04F79EFBC}") = "ITWEB3", "ITWEB3\ITWEB3.csproj", "{843D1916-2CB0-4447-9248-1E103FB9905B}"
EndProject
Global
	GlobalSection(SolutionConfigurationPlatforms) = preSolution
		Debug|Any CPU = Debug|Any CPU
		Release|Any CPU = Release|Any CPU
	EndGlobalSection
	GlobalSection(ProjectConfigurationPlatforms) = postSolution
		{843D1916-2CB0-4447-9248-1E103FB9905B}.Debug|Any CPU.ActiveCfg = Debug|Any CPU
		{843D1916-2CB0-4447-9248-1E103FB9905B}.Debug|Any CPU.Build.0 = Debug|Any CPU
		{843D1916-2CB0-4447-9248-1E103FB9905B}.Release|Any CPU.ActiveCfg = Release|Any CPU
		{843D1916-2CB0-4447-9248-1E103FB9905B}.Release|Any CPU.Build.0 = Release|Any CPU
	EndGlobalSection
	GlobalSection(SolutionProperties) = preSolution
		HideSolutionNode = FALSE
	EndGlobalSection
	GlobalSection(ExtensibilityGlobals) = postSolution
		SolutionGuid = {6E737393-DA4B-4B8E-BAF3-E8C12A1D01E5}
	EndGlobalSection
EndGlobal
